
Microsoft Visual Studio Solution File, Format Version 12.00
# Visual Studio Version 17
VisualStudioVersion = 17.2.32526.322
MinimumVisualStudioVersion = 10.0.40219.1
Project("{2150E333-8FDC-42A3-9474-1A3956D46DE8}") = "src", "src", "{F4520BC5-8E1B-4DF2-96DC-004BEE3E4D9A}"
EndProject
Project("{2150E333-8FDC-42A3-9474-1A3956D46DE8}") = "Standard", "Standard", "{80FE9DFD-6BC2-440B-A460-9D9E5D158478}"
EndProject
Project("{9A19103F-16F7-4668-BE54-9A1E7A4F7556}") = "Common", "src\Common\Common.csproj", "{8952A6F4-8E53-446E-AA70-08ADBDFB7A50}"
EndProject
Project("{9A19103F-16F7-4668-BE54-9A1E7A4F7556}") = "Consumer", "src\Standard\Consumer\Consumer.csproj", "{6BA83D0E-6738-4F24-A189-231BF9C96B2C}"
EndProject
Project("{9A19103F-16F7-4668-BE54-9A1E7A4F7556}") = "Publisher", "src\Standard\Publisher\Publisher.csproj", "{17C91CB7-0C58-4491-8CE8-9C706E251789}"
EndProject
Project("{2150E333-8FDC-42A3-9474-1A3956D46DE8}") = "DirectExchange", "DirectExchange", "{61CFBA34-6C54-4A87-B7F9-76F67A64A87F}"
EndProject
Project("{9A19103F-16F7-4668-BE54-9A1E7A4F7556}") = "Publisher", "src\DirectExchange\Publisher\Publisher.csproj", "{F1ACA601-CA84-467C-973B-F2744CEC0DD3}"
EndProject
Project("{9A19103F-16F7-4668-BE54-9A1E7A4F7556}") = "Consumer", "src\DirectExchange\Consumer\Consumer.csproj", "{3322A262-AC68-4EA5-B723-09630A27D5CE}"
EndProject
Project("{2150E333-8FDC-42A3-9474-1A3956D46DE8}") = "TopicExchange", "TopicExchange", "{8BF4484D-A672-4026-9380-3498988A5F61}"
EndProject
Project("{9A19103F-16F7-4668-BE54-9A1E7A4F7556}") = "Consumer", "src\TopicExchange\Consumer\Consumer.csproj", "{C4EF8EC0-A382-4517-8630-0F04F0EB4A23}"
EndProject
Project("{9A19103F-16F7-4668-BE54-9A1E7A4F7556}") = "Publisher", "src\TopicExchange\Publisher\Publisher.csproj", "{FCB186C4-655E-4143-BD77-0472D66B273B}"
EndProject
Project("{2150E333-8FDC-42A3-9474-1A3956D46DE8}") = "Fanout", "Fanout", "{3D417195-C549-44BE-AD5B-AC161EABD524}"
EndProject
Project("{9A19103F-16F7-4668-BE54-9A1E7A4F7556}") = "Publisher", "src\Fanout\Publisher\Publisher.csproj", "{298F99DD-F0E5-4A98-9BCC-AE512C302E51}"
EndProject
Project("{2150E333-8FDC-42A3-9474-1A3956D46DE8}") = "HeaderExchange", "HeaderExchange", "{C0260999-8545-4E30-9147-F22985BC77DC}"
EndProject
Project("{FAE04EC0-301F-11D3-BF4B-00C04F79EFBC}") = "Publisher", "src\HeaderExchange\Publisher\Publisher.csproj", "{09BBCAD2-A338-4FC6-903F-7C9D31E5158B}"
EndProject
Project("{FAE04EC0-301F-11D3-BF4B-00C04F79EFBC}") = "Consumer", "src\HeaderExchange\Consumer\Consumer.csproj", "{07C39221-F0A5-4014-A9EF-BC7E3956B50D}"
EndProject
Project("{FAE04EC0-301F-11D3-BF4B-00C04F79EFBC}") = "Consumer", "src\Fanout\Consumer\Consumer.csproj", "{C79EA460-0B18-4803-8B2F-08DA5F8674DC}"
EndProject
Project("{2150E333-8FDC-42A3-9474-1A3956D46DE8}") = "RPC", "RPC", "{24539F31-6C42-49EF-966A-2565ADE05C5C}"
EndProject
Project("{FAE04EC0-301F-11D3-BF4B-00C04F79EFBC}") = "Publisher", "src\RPC\Publisher\Publisher.csproj", "{60FD2B4B-D873-40AA-9D0D-123735F2F2BF}"
EndProject
Project("{FAE04EC0-301F-11D3-BF4B-00C04F79EFBC}") = "Consumer", "src\RPC\Consumer\Consumer.csproj", "{336537EC-48EE-4641-BE36-A69519A258D3}"
EndProject
Global
	GlobalSection(SolutionConfigurationPlatforms) = preSolution
		Debug|Any CPU = Debug|Any CPU
		Release|Any CPU = Release|Any CPU
	EndGlobalSection
	GlobalSection(ProjectConfigurationPlatforms) = postSolution
		{8952A6F4-8E53-446E-AA70-08ADBDFB7A50}.Debug|Any CPU.ActiveCfg = Debug|Any CPU
		{8952A6F4-8E53-446E-AA70-08ADBDFB7A50}.Debug|Any CPU.Build.0 = Debug|Any CPU
		{8952A6F4-8E53-446E-AA70-08ADBDFB7A50}.Release|Any CPU.ActiveCfg = Release|Any CPU
		{8952A6F4-8E53-446E-AA70-08ADBDFB7A50}.Release|Any CPU.Build.0 = Release|Any CPU
		{6BA83D0E-6738-4F24-A189-231BF9C96B2C}.Debug|Any CPU.ActiveCfg = Debug|Any CPU
		{6BA83D0E-6738-4F24-A189-231BF9C96B2C}.Debug|Any CPU.Build.0 = Debug|Any CPU
		{6BA83D0E-6738-4F24-A189-231BF9C96B2C}.Release|Any CPU.ActiveCfg = Release|Any CPU
		{6BA83D0E-6738-4F24-A189-231BF9C96B2C}.Release|Any CPU.Build.0 = Release|Any CPU
		{17C91CB7-0C58-4491-8CE8-9C706E251789}.Debug|Any CPU.ActiveCfg = Debug|Any CPU
		{17C91CB7-0C58-4491-8CE8-9C706E251789}.Debug|Any CPU.Build.0 = Debug|Any CPU
		{17C91CB7-0C58-4491-8CE8-9C706E251789}.Release|Any CPU.ActiveCfg = Release|Any CPU
		{17C91CB7-0C58-4491-8CE8-9C706E251789}.Release|Any CPU.Build.0 = Release|Any CPU
		{F1ACA601-CA84-467C-973B-F2744CEC0DD3}.Debug|Any CPU.ActiveCfg = Debug|Any CPU
		{F1ACA601-CA84-467C-973B-F2744CEC0DD3}.Debug|Any CPU.Build.0 = Debug|Any CPU
		{F1ACA601-CA84-467C-973B-F2744CEC0DD3}.Release|Any CPU.ActiveCfg = Release|Any CPU
		{F1ACA601-CA84-467C-973B-F2744CEC0DD3}.Release|Any CPU.Build.0 = Release|Any CPU
		{3322A262-AC68-4EA5-B723-09630A27D5CE}.Debug|Any CPU.ActiveCfg = Debug|Any CPU
		{3322A262-AC68-4EA5-B723-09630A27D5CE}.Debug|Any CPU.Build.0 = Debug|Any CPU
		{3322A262-AC68-4EA5-B723-09630A27D5CE}.Release|Any CPU.ActiveCfg = Release|Any CPU
		{3322A262-AC68-4EA5-B723-09630A27D5CE}.Release|Any CPU.Build.0 = Release|Any CPU
		{C4EF8EC0-A382-4517-8630-0F04F0EB4A23}.Debug|Any CPU.ActiveCfg = Debug|Any CPU
		{C4EF8EC0-A382-4517-8630-0F04F0EB4A23}.Debug|Any CPU.Build.0 = Debug|Any CPU
		{C4EF8EC0-A382-4517-8630-0F04F0EB4A23}.Release|Any CPU.ActiveCfg = Release|Any CPU
		{C4EF8EC0-A382-4517-8630-0F04F0EB4A23}.Release|Any CPU.Build.0 = Release|Any CPU
		{FCB186C4-655E-4143-BD77-0472D66B273B}.Debug|Any CPU.ActiveCfg = Debug|Any CPU
		{FCB186C4-655E-4143-BD77-0472D66B273B}.Debug|Any CPU.Build.0 = Debug|Any CPU
		{FCB186C4-655E-4143-BD77-0472D66B273B}.Release|Any CPU.ActiveCfg = Release|Any CPU
		{FCB186C4-655E-4143-BD77-0472D66B273B}.Release|Any CPU.Build.0 = Release|Any CPU
		{298F99DD-F0E5-4A98-9BCC-AE512C302E51}.Debug|Any CPU.ActiveCfg = Debug|Any CPU
		{298F99DD-F0E5-4A98-9BCC-AE512C302E51}.Debug|Any CPU.Build.0 = Debug|Any CPU
		{298F99DD-F0E5-4A98-9BCC-AE512C302E51}.Release|Any CPU.ActiveCfg = Release|Any CPU
		{298F99DD-F0E5-4A98-9BCC-AE512C302E51}.Release|Any CPU.Build.0 = Release|Any CPU
		{09BBCAD2-A338-4FC6-903F-7C9D31E5158B}.Debug|Any CPU.ActiveCfg = Debug|Any CPU
		{09BBCAD2-A338-4FC6-903F-7C9D31E5158B}.Debug|Any CPU.Build.0 = Debug|Any CPU
		{09BBCAD2-A338-4FC6-903F-7C9D31E5158B}.Release|Any CPU.ActiveCfg = Release|Any CPU
		{09BBCAD2-A338-4FC6-903F-7C9D31E5158B}.Release|Any CPU.Build.0 = Release|Any CPU
		{07C39221-F0A5-4014-A9EF-BC7E3956B50D}.Debug|Any CPU.ActiveCfg = Debug|Any CPU
		{07C39221-F0A5-4014-A9EF-BC7E3956B50D}.Debug|Any CPU.Build.0 = Debug|Any CPU
		{07C39221-F0A5-4014-A9EF-BC7E3956B50D}.Release|Any CPU.ActiveCfg = Release|Any CPU
		{07C39221-F0A5-4014-A9EF-BC7E3956B50D}.Release|Any CPU.Build.0 = Release|Any CPU
		{C79EA460-0B18-4803-8B2F-08DA5F8674DC}.Debug|Any CPU.ActiveCfg = Debug|Any CPU
		{C79EA460-0B18-4803-8B2F-08DA5F8674DC}.Debug|Any CPU.Build.0 = Debug|Any CPU
		{C79EA460-0B18-4803-8B2F-08DA5F8674DC}.Release|Any CPU.ActiveCfg = Release|Any CPU
		{C79EA460-0B18-4803-8B2F-08DA5F8674DC}.Release|Any CPU.Build.0 = Release|Any CPU
		{60FD2B4B-D873-40AA-9D0D-123735F2F2BF}.Debug|Any CPU.ActiveCfg = Debug|Any CPU
		{60FD2B4B-D873-40AA-9D0D-123735F2F2BF}.Debug|Any CPU.Build.0 = Debug|Any CPU
		{60FD2B4B-D873-40AA-9D0D-123735F2F2BF}.Release|Any CPU.ActiveCfg = Release|Any CPU
		{60FD2B4B-D873-40AA-9D0D-123735F2F2BF}.Release|Any CPU.Build.0 = Release|Any CPU
		{336537EC-48EE-4641-BE36-A69519A258D3}.Debug|Any CPU.ActiveCfg = Debug|Any CPU
		{336537EC-48EE-4641-BE36-A69519A258D3}.Debug|Any CPU.Build.0 = Debug|Any CPU
		{336537EC-48EE-4641-BE36-A69519A258D3}.Release|Any CPU.ActiveCfg = Release|Any CPU
		{336537EC-48EE-4641-BE36-A69519A258D3}.Release|Any CPU.Build.0 = Release|Any CPU
	EndGlobalSection
	GlobalSection(SolutionProperties) = preSolution
		HideSolutionNode = FALSE
	EndGlobalSection
	GlobalSection(NestedProjects) = preSolution
		{80FE9DFD-6BC2-440B-A460-9D9E5D158478} = {F4520BC5-8E1B-4DF2-96DC-004BEE3E4D9A}
		{8952A6F4-8E53-446E-AA70-08ADBDFB7A50} = {F4520BC5-8E1B-4DF2-96DC-004BEE3E4D9A}
		{6BA83D0E-6738-4F24-A189-231BF9C96B2C} = {80FE9DFD-6BC2-440B-A460-9D9E5D158478}
		{17C91CB7-0C58-4491-8CE8-9C706E251789} = {80FE9DFD-6BC2-440B-A460-9D9E5D158478}
		{61CFBA34-6C54-4A87-B7F9-76F67A64A87F} = {F4520BC5-8E1B-4DF2-96DC-004BEE3E4D9A}
		{F1ACA601-CA84-467C-973B-F2744CEC0DD3} = {61CFBA34-6C54-4A87-B7F9-76F67A64A87F}
		{3322A262-AC68-4EA5-B723-09630A27D5CE} = {61CFBA34-6C54-4A87-B7F9-76F67A64A87F}
		{8BF4484D-A672-4026-9380-3498988A5F61} = {F4520BC5-8E1B-4DF2-96DC-004BEE3E4D9A}
		{C4EF8EC0-A382-4517-8630-0F04F0EB4A23} = {8BF4484D-A672-4026-9380-3498988A5F61}
		{FCB186C4-655E-4143-BD77-0472D66B273B} = {8BF4484D-A672-4026-9380-3498988A5F61}
		{3D417195-C549-44BE-AD5B-AC161EABD524} = {F4520BC5-8E1B-4DF2-96DC-004BEE3E4D9A}
		{298F99DD-F0E5-4A98-9BCC-AE512C302E51} = {3D417195-C549-44BE-AD5B-AC161EABD524}
		{C0260999-8545-4E30-9147-F22985BC77DC} = {F4520BC5-8E1B-4DF2-96DC-004BEE3E4D9A}
		{09BBCAD2-A338-4FC6-903F-7C9D31E5158B} = {C0260999-8545-4E30-9147-F22985BC77DC}
		{07C39221-F0A5-4014-A9EF-BC7E3956B50D} = {C0260999-8545-4E30-9147-F22985BC77DC}
		{C79EA460-0B18-4803-8B2F-08DA5F8674DC} = {3D417195-C549-44BE-AD5B-AC161EABD524}
		{24539F31-6C42-49EF-966A-2565ADE05C5C} = {F4520BC5-8E1B-4DF2-96DC-004BEE3E4D9A}
		{60FD2B4B-D873-40AA-9D0D-123735F2F2BF} = {24539F31-6C42-49EF-966A-2565ADE05C5C}
		{336537EC-48EE-4641-BE36-A69519A258D3} = {24539F31-6C42-49EF-966A-2565ADE05C5C}
	EndGlobalSection
	GlobalSection(ExtensibilityGlobals) = postSolution
		SolutionGuid = {57A1CB15-001B-4E92-94B2-DF6AB3FF30E6}
	EndGlobalSection
EndGlobal
